PODS:
  - CouchbaseLiteSwift (2.0DB021)

DEPENDENCIES:
  - CouchbaseLiteSwift (from `https://github.com/couchbase/couchbase-lite-ios.git`, tag `2.0DB021`)

EXTERNAL SOURCES:
  CouchbaseLiteSwift:
    :git: https://github.com/couchbase/couchbase-lite-ios.git
    :submodules: true
    :tag: 2.0DB021

CHECKOUT OPTIONS:
  CouchbaseLiteSwift:
    :git: https://github.com/couchbase/couchbase-lite-ios.git
    :submodules: true
    :tag: 2.0DB021

SPEC CHECKSUMS:
  CouchbaseLiteSwift: f5069ec97904605ffd714836726038dae54fc9e6

PODFILE CHECKSUM: 2eff6673a4811ea4584ef70b209c5b4c3a0bb183

COCOAPODS: 1.4.0
